
Microsoft Visual Studio Solution File, Format Version 12.00
# Visual Studio Version 17
VisualStudioVersion = 17.6.33829.357
MinimumVisualStudioVersion = 10.0.40219.1
Project("{888888A0-9F3D-457C-B088-3A5042F75D52}") = "Hangman", "Hangman\Hangman.pyproj", "{97DEA987-CACD-4778-9809-9B25C7A6B6DD}"
EndProject
Global
	GlobalSection(SolutionConfigurationPlatforms) = preSolution
		Debug|Any CPU = Debug|Any CPU
		Release|Any CPU = Release|Any CPU
	EndGlobalSection
	GlobalSection(ProjectConfigurationPlatforms) = postSolution
		{97DEA987-CACD-4778-9809-9B25C7A6B6DD}.Debug|Any CPU.ActiveCfg = Debug|Any CPU
		{97DEA987-CACD-4778-9809-9B25C7A6B6DD}.Release|Any CPU.ActiveCfg = Release|Any CPU
	EndGlobalSection
	GlobalSection(SolutionProperties) = preSolution
		HideSolutionNode = FALSE
	EndGlobalSection
	GlobalSection(ExtensibilityGlobals) = postSolution
		SolutionGuid = {549B988B-EFCC-439B-9019-BB6695EAC121}
	EndGlobalSection
EndGlobal
